# This file is automatically @generated by Poetry 1.8.5 and should not be changed by hand.

[[package]]
name = "freecad_adaptive_clearing"
version = "1.0.0"
description = "Adaptive clearing (trochoidal milling) toolpath generation — standalone Python bindings for FreeCAD's algorithm"
optional = false
python-versions = ">=3.9"
files = []
develop = false

[package.extras]
dev = ["pytest"]

[package.source]
type = "directory"
url = "../freecad_adaptive_clearing"

[metadata]
lock-version = "2.0"
python-versions = "^3.13"
content-hash = "fa8db9f4b458f371792d77458d05355d9a407437bb0668f455bc20b3aa9e20af"
